
Microsoft Visual Studio Solution File, Format Version 12.00
# Visual Studio Version 16
VisualStudioVersion = 16.0.30413.136
MinimumVisualStudioVersion = 10.0.40219.1
Project("{FAE04EC0-301F-11D3-BF4B-00C04F79EFBC}") = "CountryTownsReport", "CountryTownsReport\CountryTownsReport.csproj", "{BC27660C-FB27-408C-9E5C-7E3FD2805AAC}"
EndProject
Global
	GlobalSection(SolutionConfigurationPlatforms) = preSolution
		Debug|Any CPU = Debug|Any CPU
		Release|Any CPU = Release|Any CPU
	EndGlobalSection
	GlobalSection(ProjectConfigurationPlatforms) = postSolution
		{BC27660C-FB27-408C-9E5C-7E3FD2805AAC}.Debug|Any CPU.ActiveCfg = Debug|Any CPU
		{BC27660C-FB27-408C-9E5C-7E3FD2805AAC}.Debug|Any CPU.Build.0 = Debug|Any CPU
		{BC27660C-FB27-408C-9E5C-7E3FD2805AAC}.Release|Any CPU.ActiveCfg = Release|Any CPU
		{BC27660C-FB27-408C-9E5C-7E3FD2805AAC}.Release|Any CPU.Build.0 = Release|Any CPU
	EndGlobalSection
	GlobalSection(SolutionProperties) = preSolution
		HideSolutionNode = FALSE
	EndGlobalSection
	GlobalSection(ExtensibilityGlobals) = postSolution
		SolutionGuid = {01E09D6D-9768-4A2C-8340-78B4C10955B7}
	EndGlobalSection
EndGlobal
